{
  "name": "dokimos-site",
  "lockfileVersion": 3,
  "requires": true,
  "packages": {
    "": {
      "name": "dokimos-site",
      "devDependencies": {
        "@echelon-foundry/design-system": "https://github.com/kemiller2002/echelon-design-system/releases/download/v0.3.0/echelon-foundry-design-system-0.3.0.tgz",
        "@echelon-foundry/visual-engineering": "1.0.0",
        "axe-core": "4.13.0",
        "playwright": "1.56.1"
      },
      "engines": {
        "node": ">=22"
      }
    },
    "node_modules/@echelon-foundry/design-system": {
      "version": "0.3.0",
      "resolved": "https://github.com/kemiller2002/echelon-design-system/releases/download/v0.3.0/echelon-foundry-design-system-0.3.0.tgz",
      "integrity": "sha512-Sr1VlWFS2YAofKkf+uFOTZeInygx4JdIWAMwwwDGTdeB8vBj001op5Gt08GpxuQxrFp8ni5Sxg1mM6+OarKt9w==",
      "dev": true
    },
    "node_modules/@echelon-foundry/visual-engineering": {
      "version": "1.0.0",
      "resolved": "https://registry.npmjs.org/@echelon-foundry/visual-engineering/-/visual-engineering-1.0.0.tgz",
      "integrity": "sha512-Bqxv2bhs2NH18fy5XwmGm24hJ7PvvwYjJv+GQ/I++nwIj0FczvbjF/9xGOeOel3f3LxfOgiGiQSIwfmudyrI9g==",
      "dev": true,
      "license": "MIT",
      "bin": {
        "visual-engineering": "bin/visual-engineering.js"
      },
      "engines": {
        "node": ">=20"
      },
      "optionalDependencies": {
        "@echelon-foundry/visual-engineering-linux-arm64": "1.0.0",
        "@echelon-foundry/visual-engineering-linux-x64": "1.0.0",
        "@echelon-foundry/visual-engineering-osx-arm64": "1.0.0",
        "@echelon-foundry/visual-engineering-osx-x64": "1.0.0",
        "@echelon-foundry/visual-engineering-win-arm64": "1.0.0",
        "@echelon-foundry/visual-engineering-win-x64": "1.0.0"
      }
    },
    "node_modules/@echelon-foundry/visual-engineering-linux-arm64": {
      "version": "1.0.0",
      "resolved": "https://registry.npmjs.org/@echelon-foundry/visual-engineering-linux-arm64/-/visual-engineering-linux-arm64-1.0.0.tgz",
      "integrity": "sha512-EX2Dv3CLSy4VXIHtFaNdn5QQYsPoSpJN0XEuwUeJUyFCXcPmTgdm7By6dOet117khVooFdjYGTv2GP1CJASEAA==",
      "cpu": [
        "arm64"
      ],
      "dev": true,
      "license": "MIT",
      "optional": true,
      "os": [
        "linux"
      ]
    },
    "node_modules/@echelon-foundry/visual-engineering-linux-x64": {
      "version": "1.0.0",
      "resolved": "https://registry.npmjs.org/@echelon-foundry/visual-engineering-linux-x64/-/visual-engineering-linux-x64-1.0.0.tgz",
      "integrity": "sha512-fP6kPx7ntkpv4F9xPQxhEouLq/szfn4HBwMx8wTbjvQQ/Nfp/CuKB1Nd+tncIV1Xi28vbDdvNGlyp1H84Tmetw==",
      "cpu": [
        "x64"
      ],
      "dev": true,
      "license": "MIT",
      "optional": true,
      "os": [
        "linux"
      ]
    },
    "node_modules/@echelon-foundry/visual-engineering-osx-arm64": {
      "version": "1.0.0",
      "resolved": "https://registry.npmjs.org/@echelon-foundry/visual-engineering-osx-arm64/-/visual-engineering-osx-arm64-1.0.0.tgz",
      "integrity": "sha512-h3Vg1XiDSl2ll1+5iNgBV/gTvVW75zhQjsxIfCnLTUYMqz4OuGw40aE9kJTMymR0Zigxsjtzi3xQ0uBCccyC4Q==",
      "cpu": [
        "arm64"
      ],
      "dev": true,
      "license": "MIT",
      "optional": true,
      "os": [
        "darwin"
      ]
    },
    "node_modules/@echelon-foundry/visual-engineering-osx-x64": {
      "version": "1.0.0",
      "resolved": "https://registry.npmjs.org/@echelon-foundry/visual-engineering-osx-x64/-/visual-engineering-osx-x64-1.0.0.tgz",
      "integrity": "sha512-M74CXOcZtjeH9jlCcurmkdfu9aL3UmC61Xgg8+Dn6ExVKjyu8Iaoy+tmYT12vfemh+DW3qHCIH4KNLw1S6icxA==",
      "cpu": [
        "x64"
      ],
      "dev": true,
      "license": "MIT",
      "optional": true,
      "os": [
        "darwin"
      ]
    },
    "node_modules/@echelon-foundry/visual-engineering-win-arm64": {
      "version": "1.0.0",
      "resolved": "https://registry.npmjs.org/@echelon-foundry/visual-engineering-win-arm64/-/visual-engineering-win-arm64-1.0.0.tgz",
      "integrity": "sha512-WuCahKxkvzv7lgvNkxmQBulR6rKiOy/dafz9+WaO+nKOpNqnnhCgcDvp6mhOKt+3OpjA1opNQXMYjSUWZp2J7g==",
      "cpu": [
        "arm64"
      ],
      "dev": true,
      "license": "MIT",
      "optional": true,
      "os": [
        "win32"
      ]
    },
    "node_modules/@echelon-foundry/visual-engineering-win-x64": {
      "version": "1.0.0",
      "resolved": "https://registry.npmjs.org/@echelon-foundry/visual-engineering-win-x64/-/visual-engineering-win-x64-1.0.0.tgz",
      "integrity": "sha512-hz8f6IQ2zJ7N2bH9QWMdqoIWy8SJtoG8PkfTbUAGagdh33LXgSyICwIQP28PycAWVw19m5QCfZjKGza2ZrfbCQ==",
      "cpu": [
        "x64"
      ],
      "dev": true,
      "license": "MIT",
      "optional": true,
      "os": [
        "win32"
      ]
    },
    "node_modules/axe-core": {
      "version": "4.13.0",
      "resolved": "https://registry.npmjs.org/axe-core/-/axe-core-4.13.0.tgz",
      "integrity": "sha512-UzGt8zg7Ny8djbYMhxl2zuEevVa7r2gJjYY5Lwr1xM7+XU2nd6CkIWFTVcCIbAP63vSz71NaVyyuSk9lHKcy0A==",
      "dev": true,
      "license": "MPL-2.0",
      "engines": {
        "node": ">=4"
      }
    },
    "node_modules/fsevents": {
      "version": "2.3.2",
      "resolved": "https://registry.npmjs.org/fsevents/-/fsevents-2.3.2.tgz",
      "integrity": "sha512-xiqMQR4xAeHTuB9uWm+fFRcIOgKBMiOBP+eXiyT7jsgVCq1bkVygt00oASowB7EdtpOHaaPgKt812P9ab+DDKA==",
      "dev": true,
      "hasInstallScript": true,
      "license": "MIT",
      "optional": true,
      "os": [
        "darwin"
      ],
      "engines": {
        "node": "^8.16.0 || ^10.6.0 || >=11.0.0"
      }
    },
    "node_modules/playwright": {
      "version": "1.56.1",
      "resolved": "https://registry.npmjs.org/playwright/-/playwright-1.56.1.tgz",
      "integrity": "sha512-aFi5B0WovBHTEvpM3DzXTUaeN6eN0qWnTkKx4NQaH4Wvcmc153PdaY2UBdSYKaGYw+UyWXSVyxDUg5DoPEttjw==",
      "dev": true,
      "license": "Apache-2.0",
      "dependencies": {
        "playwright-core": "1.56.1"
      },
      "bin": {
        "playwright": "cli.js"
      },
      "engines": {
        "node": ">=18"
      },
      "optionalDependencies": {
        "fsevents": "2.3.2"
      }
    },
    "node_modules/playwright-core": {
      "version": "1.56.1",
      "resolved": "https://registry.npmjs.org/playwright-core/-/playwright-core-1.56.1.tgz",
      "integrity": "sha512-hutraynyn31F+Bifme+Ps9Vq59hKuUCz7H1kDOcBs+2oGguKkWTU50bBWrtz34OUWmIwpBTWDxaRPXrIXkgvmQ==",
      "dev": true,
      "license": "Apache-2.0",
      "bin": {
        "playwright-core": "cli.js"
      },
      "engines": {
        "node": ">=18"
      }
    }
  }
}
