{
  "name": "dokimos-site",
  "lockfileVersion": 3,
  "requires": true,
  "packages": {
    "": {
      "name": "dokimos-site",
      "license": "MIT",
      "devDependencies": {
        "@echelon-foundry/design-system": "https://github.com/kemiller2002/echelon-design-system/releases/download/v0.3.0/echelon-foundry-design-system-0.3.0.tgz",
        "@echelon-foundry/print-components": "github:kemiller2002/folio#8fd8516dddd599290ad302974210832086112e25",
        "@echelon-foundry/visual-engineering": "1.0.1",
        "axe-core": "4.13.0",
        "playwright": "1.56.1"
      },
      "engines": {
        "node": ">=22"
      }
    },
    "node_modules/@echelon-foundry/design-system": {
      "version": "0.3.0",
      "resolved": "https://github.com/kemiller2002/echelon-design-system/releases/download/v0.3.0/echelon-foundry-design-system-0.3.0.tgz",
      "integrity": "sha512-Sr1VlWFS2YAofKkf+uFOTZeInygx4JdIWAMwwwDGTdeB8vBj001op5Gt08GpxuQxrFp8ni5Sxg1mM6+OarKt9w==",
      "dev": true
    },
    "node_modules/@echelon-foundry/print-components": {
      "version": "0.3.0",
      "resolved": "git+ssh://git@github.com/kemiller2002/folio.git#8fd8516dddd599290ad302974210832086112e25",
      "integrity": "sha512-Rc7e51Ty/EcTkJgABfI7EZd15aYlMr87iD/14+OYjRrCFIFaUIddDL8YwvzeYbL33pmtzdAOtdYS1BPYX44MHg==",
      "dev": true,
      "engines": {
        "node": ">=24 <25"
      }
    },
    "node_modules/@echelon-foundry/visual-engineering": {
      "version": "1.0.1",
      "resolved": "https://registry.npmjs.org/@echelon-foundry/visual-engineering/-/visual-engineering-1.0.1.tgz",
      "integrity": "sha512-1J7h9Gulc7DHfTty6U42Cg4MrYlsHPTm60SUTL4w7jxNv8tLr7HLIHLb/eDd1T7fsHF2v/WVQB/FtOZP1mtqBQ==",
      "dev": true,
      "license": "MIT",
      "bin": {
        "visual-engineering": "bin/visual-engineering.js"
      },
      "engines": {
        "node": ">=20"
      },
      "optionalDependencies": {
        "@echelon-foundry/visual-engineering-linux-arm64": "1.0.1",
        "@echelon-foundry/visual-engineering-linux-x64": "1.0.1",
        "@echelon-foundry/visual-engineering-osx-arm64": "1.0.1",
        "@echelon-foundry/visual-engineering-osx-x64": "1.0.1",
        "@echelon-foundry/visual-engineering-win-arm64": "1.0.1",
        "@echelon-foundry/visual-engineering-win-x64": "1.0.1"
      }
    },
    "node_modules/@echelon-foundry/visual-engineering-linux-arm64": {
      "version": "1.0.1",
      "resolved": "https://registry.npmjs.org/@echelon-foundry/visual-engineering-linux-arm64/-/visual-engineering-linux-arm64-1.0.1.tgz",
      "integrity": "sha512-Pp8Are6U82+rUTasneAJwn2Pl8Ge3R5qZe5YUXoPvrj4wycsEQ04BniyFtmbUEbMbS3oMn79uV1NhgDz3CemrQ==",
      "cpu": [
        "arm64"
      ],
      "dev": true,
      "license": "MIT",
      "optional": true,
      "os": [
        "linux"
      ]
    },
    "node_modules/@echelon-foundry/visual-engineering-linux-x64": {
      "version": "1.0.1",
      "resolved": "https://registry.npmjs.org/@echelon-foundry/visual-engineering-linux-x64/-/visual-engineering-linux-x64-1.0.1.tgz",
      "integrity": "sha512-/7r3xScuH0nXhg+ShKbIepRN+SSrtDMaxi5SYH1EEXVEkyuTuL7j/EPR+x8D2Ll0Xie0iKVXsuRHloT66xNruQ==",
      "cpu": [
        "x64"
      ],
      "dev": true,
      "license": "MIT",
      "optional": true,
      "os": [
        "linux"
      ]
    },
    "node_modules/@echelon-foundry/visual-engineering-osx-arm64": {
      "version": "1.0.1",
      "resolved": "https://registry.npmjs.org/@echelon-foundry/visual-engineering-osx-arm64/-/visual-engineering-osx-arm64-1.0.1.tgz",
      "integrity": "sha512-BB9w664uFc0GKwE2MQAbGGCsBaSmLMo47DmjJ4IkwBZCgY4kkcY6o5S996AqnJUKw+Z0BdKsbdGufAxFsBr1dg==",
      "cpu": [
        "arm64"
      ],
      "dev": true,
      "license": "MIT",
      "optional": true,
      "os": [
        "darwin"
      ]
    },
    "node_modules/@echelon-foundry/visual-engineering-osx-x64": {
      "version": "1.0.1",
      "resolved": "https://registry.npmjs.org/@echelon-foundry/visual-engineering-osx-x64/-/visual-engineering-osx-x64-1.0.1.tgz",
      "integrity": "sha512-HTZSvKtNLDXcfoe39RKt7j+yZO/ireiFzOXuF0eY+63m527TmX18a3L5cy16vLBg3krkHQKFzxAwJOrHVsEifw==",
      "cpu": [
        "x64"
      ],
      "dev": true,
      "license": "MIT",
      "optional": true,
      "os": [
        "darwin"
      ]
    },
    "node_modules/@echelon-foundry/visual-engineering-win-arm64": {
      "version": "1.0.1",
      "resolved": "https://registry.npmjs.org/@echelon-foundry/visual-engineering-win-arm64/-/visual-engineering-win-arm64-1.0.1.tgz",
      "integrity": "sha512-lhSov+wqdqUlhjZd57ra/LkSmQxPREMFDQqAm4AOJ0c+bOvGyT270twoPXs/+DyBr3U8yEp9+NPQOpxh795uWw==",
      "cpu": [
        "arm64"
      ],
      "dev": true,
      "license": "MIT",
      "optional": true,
      "os": [
        "win32"
      ]
    },
    "node_modules/@echelon-foundry/visual-engineering-win-x64": {
      "version": "1.0.1",
      "resolved": "https://registry.npmjs.org/@echelon-foundry/visual-engineering-win-x64/-/visual-engineering-win-x64-1.0.1.tgz",
      "integrity": "sha512-HAxffcb3dzUh0GmRDQfQAGCHkn1deF3mPiR8yrUm9HOZXzXnKqLH7Ub2bxpuOt/ffwIwP0l/JAya0Okf+aVKMQ==",
      "cpu": [
        "x64"
      ],
      "dev": true,
      "license": "MIT",
      "optional": true,
      "os": [
        "win32"
      ]
    },
    "node_modules/axe-core": {
      "version": "4.13.0",
      "resolved": "https://registry.npmjs.org/axe-core/-/axe-core-4.13.0.tgz",
      "integrity": "sha512-UzGt8zg7Ny8djbYMhxl2zuEevVa7r2gJjYY5Lwr1xM7+XU2nd6CkIWFTVcCIbAP63vSz71NaVyyuSk9lHKcy0A==",
      "dev": true,
      "license": "MPL-2.0",
      "engines": {
        "node": ">=4"
      }
    },
    "node_modules/fsevents": {
      "version": "2.3.2",
      "resolved": "https://registry.npmjs.org/fsevents/-/fsevents-2.3.2.tgz",
      "integrity": "sha512-xiqMQR4xAeHTuB9uWm+fFRcIOgKBMiOBP+eXiyT7jsgVCq1bkVygt00oASowB7EdtpOHaaPgKt812P9ab+DDKA==",
      "dev": true,
      "hasInstallScript": true,
      "license": "MIT",
      "optional": true,
      "os": [
        "darwin"
      ],
      "engines": {
        "node": "^8.16.0 || ^10.6.0 || >=11.0.0"
      }
    },
    "node_modules/playwright": {
      "version": "1.56.1",
      "resolved": "https://registry.npmjs.org/playwright/-/playwright-1.56.1.tgz",
      "integrity": "sha512-aFi5B0WovBHTEvpM3DzXTUaeN6eN0qWnTkKx4NQaH4Wvcmc153PdaY2UBdSYKaGYw+UyWXSVyxDUg5DoPEttjw==",
      "dev": true,
      "license": "Apache-2.0",
      "dependencies": {
        "playwright-core": "1.56.1"
      },
      "bin": {
        "playwright": "cli.js"
      },
      "engines": {
        "node": ">=18"
      },
      "optionalDependencies": {
        "fsevents": "2.3.2"
      }
    },
    "node_modules/playwright-core": {
      "version": "1.56.1",
      "resolved": "https://registry.npmjs.org/playwright-core/-/playwright-core-1.56.1.tgz",
      "integrity": "sha512-hutraynyn31F+Bifme+Ps9Vq59hKuUCz7H1kDOcBs+2oGguKkWTU50bBWrtz34OUWmIwpBTWDxaRPXrIXkgvmQ==",
      "dev": true,
      "license": "Apache-2.0",
      "bin": {
        "playwright-core": "cli.js"
      },
      "engines": {
        "node": ">=18"
      }
    }
  }
}
